
Microsoft Visual Studio Solution File, Format Version 12.00
# Visual Studio Version 16
VisualStudioVersion = 16.0.31105.61
MinimumVisualStudioVersion = 10.0.40219.1
Project("{FAE04EC0-301F-11D3-BF4B-00C04F79EFBC}") = "MoneyCurrencyConvertor", "MoneyCurrencyConvertor\MoneyCurrencyConvertor.csproj", "{ECB6FA00-9BC9-4DB6-A8D4-C6F2EC2FBF52}"
EndProject
Global
	GlobalSection(SolutionConfigurationPlatforms) = preSolution
		Debug|Any CPU = Debug|Any CPU
		Release|Any CPU = Release|Any CPU
	EndGlobalSection
	GlobalSection(ProjectConfigurationPlatforms) = postSolution
		{ECB6FA00-9BC9-4DB6-A8D4-C6F2EC2FBF52}.Debug|Any CPU.ActiveCfg = Debug|Any CPU
		{ECB6FA00-9BC9-4DB6-A8D4-C6F2EC2FBF52}.Debug|Any CPU.Build.0 = Debug|Any CPU
		{ECB6FA00-9BC9-4DB6-A8D4-C6F2EC2FBF52}.Release|Any CPU.ActiveCfg = Release|Any CPU
		{ECB6FA00-9BC9-4DB6-A8D4-C6F2EC2FBF52}.Release|Any CPU.Build.0 = Release|Any CPU
	EndGlobalSection
	GlobalSection(SolutionProperties) = preSolution
		HideSolutionNode = FALSE
	EndGlobalSection
	GlobalSection(ExtensibilityGlobals) = postSolution
		SolutionGuid = {16D9224C-833C-460F-9C27-E45C9F23DC03}
	EndGlobalSection
EndGlobal
